// !$*UTF8*$!
{
	archiveVersion = 1;
	classes = {
	};
	objectVersion = 50;
	objects = {

/* Begin PBXBuildFile section */
		0B7A795524EAD42A007888AB /* main.cpp in Sources */ = {isa = PBXBuildFile; fileRef = 0B7A795424EAD42A007888AB /* main.cpp */; };
		0B7A795F24EAD448007888AB /* list_node.cpp in Sources */ = {isa = PBXBuildFile; fileRef = 0B7A795C24EAD448007888AB /* list_node.cpp */; };
		0B7A796024EAD448007888AB /* list.cpp in Sources */ = {isa = PBXBuildFile; fileRef = 0B7A795D24EAD448007888AB /* list.cpp */; };
		0B7A796324EAD456007888AB /* stack.cpp in Sources */ = {isa = PBXBuildFile; fileRef = 0B7A796124EAD456007888AB /* stack.cpp */; };
		0B7A796624EAD831007888AB /* test_runner.cpp in Sources */ = {isa = PBXBuildFile; fileRef = 0B7A796524EAD831007888AB /* test_runner.cpp */; };
		0B7A796924EAD844007888AB /* tests.cpp in Sources */ = {isa = PBXBuildFile; fileRef = 0B7A796724EAD844007888AB /* tests.cpp */; };
/* End PBXBuildFile section */

/* Begin PBXCopyFilesBuildPhase section */
		0B7A794F24EAD42A007888AB /* CopyFiles */ = {
			isa = PBXCopyFilesBuildPhase;
			buildActionMask = 2147483647;
			dstPath = /usr/share/man/man1/;
			dstSubfolderSpec = 0;
			files = (
			);
			runOnlyForDeploymentPostprocessing = 1;
		};
/* End PBXCopyFilesBuildPhase section */

/* Begin PBXFileReference section */
		0B7A795124EAD42A007888AB /* Stack Implementation With List */ = {isa = PBXFileReference; explicitFileType = "compiled.mach-o.executable"; includeInIndex = 0; path = "Stack Implementation With List"; sourceTree = BUILT_PRODUCTS_DIR; };
		0B7A795424EAD42A007888AB /* main.cpp */ = {isa = PBXFileReference; lastKnownFileType = sourcecode.cpp.cpp; path = main.cpp; sourceTree = "<group>"; };
		0B7A795B24EAD448007888AB /* list_node.hpp */ = {isa = PBXFileReference; fileEncoding = 4; lastKnownFileType = sourcecode.cpp.h; name = list_node.hpp; path = "../../../List/Doubly-Linked List/Doubly-Linked List/list_node.hpp"; sourceTree = "<group>"; };
		0B7A795C24EAD448007888AB /* list_node.cpp */ = {isa = PBXFileReference; fileEncoding = 4; lastKnownFileType = sourcecode.cpp.cpp; name = list_node.cpp; path = "../../../List/Doubly-Linked List/Doubly-Linked List/list_node.cpp"; sourceTree = "<group>"; };
		0B7A795D24EAD448007888AB /* list.cpp */ = {isa = PBXFileReference; fileEncoding = 4; lastKnownFileType = sourcecode.cpp.cpp; name = list.cpp; path = "../../../List/Doubly-Linked List/Doubly-Linked List/list.cpp"; sourceTree = "<group>"; };
		0B7A795E24EAD448007888AB /* list.hpp */ = {isa = PBXFileReference; fileEncoding = 4; lastKnownFileType = sourcecode.cpp.h; name = list.hpp; path = "../../../List/Doubly-Linked List/Doubly-Linked List/list.hpp"; sourceTree = "<group>"; };
		0B7A796124EAD456007888AB /* stack.cpp */ = {isa = PBXFileReference; lastKnownFileType = sourcecode.cpp.cpp; path = stack.cpp; sourceTree = "<group>"; };
		0B7A796224EAD456007888AB /* stack.hpp */ = {isa = PBXFileReference; lastKnownFileType = sourcecode.cpp.h; path = stack.hpp; sourceTree = "<group>"; };
		0B7A796424EAD831007888AB /* test_runner.hpp */ = {isa = PBXFileReference; fileEncoding = 4; lastKnownFileType = sourcecode.cpp.h; name = test_runner.hpp; path = "../../../../../Programming C++/Week 2/Unit Testing Framework/Unit Testing Framework/test_runner.hpp"; sourceTree = "<group>"; };
		0B7A796524EAD831007888AB /* test_runner.cpp */ = {isa = PBXFileReference; fileEncoding = 4; lastKnownFileType = sourcecode.cpp.cpp; name = test_runner.cpp; path = "../../../../../Programming C++/Week 2/Unit Testing Framework/Unit Testing Framework/test_runner.cpp"; sourceTree = "<group>"; };
		0B7A796724EAD844007888AB /* tests.cpp */ = {isa = PBXFileReference; lastKnownFileType = sourcecode.cpp.cpp; path = tests.cpp; sourceTree = "<group>"; };
		0B7A796824EAD844007888AB /* tests.hpp */ = {isa = PBXFileReference; lastKnownFileType = sourcecode.cpp.h; path = tests.hpp; sourceTree = "<group>"; };
/* End PBXFileReference section */

/* Begin PBXFrameworksBuildPhase section */
		0B7A794E24EAD42A007888AB /* Frameworks */ = {
			isa = PBXFrameworksBuildPhase;
			buildActionMask = 2147483647;
			files = (
			);
			runOnlyForDeploymentPostprocessing = 0;
		};
/* End PBXFrameworksBuildPhase section */

/* Begin PBXGroup section */
		0B7A794824EAD42A007888AB = {
			isa = PBXGroup;
			children = (
				0B7A795324EAD42A007888AB /* Stack Implementation With List */,
				0B7A795224EAD42A007888AB /* Products */,
			);
			sourceTree = "<group>";
		};
		0B7A795224EAD42A007888AB /* Products */ = {
			isa = PBXGroup;
			children = (
				0B7A795124EAD42A007888AB /* Stack Implementation With List */,
			);
			name = Products;
			sourceTree = "<group>";
		};
		0B7A795324EAD42A007888AB /* Stack Implementation With List */ = {
			isa = PBXGroup;
			children = (
				0B7A795424EAD42A007888AB /* main.cpp */,
				0B7A796224EAD456007888AB /* stack.hpp */,
				0B7A796124EAD456007888AB /* stack.cpp */,
				0B7A796824EAD844007888AB /* tests.hpp */,
				0B7A796724EAD844007888AB /* tests.cpp */,
				0B7A796524EAD831007888AB /* test_runner.cpp */,
				0B7A796424EAD831007888AB /* test_runner.hpp */,
				0B7A795C24EAD448007888AB /* list_node.cpp */,
				0B7A795B24EAD448007888AB /* list_node.hpp */,
				0B7A795D24EAD448007888AB /* list.cpp */,
				0B7A795E24EAD448007888AB /* list.hpp */,
			);
			path = "Stack Implementation With List";
			sourceTree = "<group>";
		};
/* End PBXGroup section */

/* Begin PBXNativeTarget section */
		0B7A795024EAD42A007888AB /* Stack Implementation With List */ = {
			isa = PBXNativeTarget;
			buildConfigurationList = 0B7A795824EAD42A007888AB /* Build configuration list for PBXNativeTarget "Stack Implementation With List" */;
			buildPhases = (
				0B7A794D24EAD42A007888AB /* Sources */,
				0B7A794E24EAD42A007888AB /* Frameworks */,
				0B7A794F24EAD42A007888AB /* CopyFiles */,
			);
			buildRules = (
			);
			dependencies = (
			);
			name = "Stack Implementation With List";
			productName = "Stack Implementation With List";
			productReference = 0B7A795124EAD42A007888AB /* Stack Implementation With List */;
			productType = "com.apple.product-type.tool";
		};
/* End PBXNativeTarget section */

/* Begin PBXProject section */
		0B7A794924EAD42A007888AB /* Project object */ = {
			isa = PBXProject;
			attributes = {
				LastUpgradeCheck = 1160;
				ORGANIZATIONNAME = "Labutin Anton";
				TargetAttributes = {
					0B7A795024EAD42A007888AB = {
						CreatedOnToolsVersion = 11.6;
					};
				};
			};
			buildConfigurationList = 0B7A794C24EAD42A007888AB /* Build configuration list for PBXProject "Stack Implementation With List" */;
			compatibilityVersion = "Xcode 9.3";
			developmentRegion = en;
			hasScannedForEncodings = 0;
			knownRegions = (
				en,
				Base,
			);
			mainGroup = 0B7A794824EAD42A007888AB;
			productRefGroup = 0B7A795224EAD42A007888AB /* Products */;
			projectDirPath = "";
			projectRoot = "";
			targets = (
				0B7A795024EAD42A007888AB /* Stack Implementation With List */,
			);
		};
/* End PBXProject section */

/* Begin PBXSourcesBuildPhase section */
		0B7A794D24EAD42A007888AB /* Sources */ = {
			isa = PBXSourcesBuildPhase;
			buildActionMask = 2147483647;
			files = (
				0B7A796624EAD831007888AB /* test_runner.cpp in Sources */,
				0B7A796324EAD456007888AB /* stack.cpp in Sources */,
				0B7A795524EAD42A007888AB /* main.cpp in Sources */,
				0B7A795F24EAD448007888AB /* list_node.cpp in Sources */,
				0B7A796024EAD448007888AB /* list.cpp in Sources */,
				0B7A796924EAD844007888AB /* tests.cpp in Sources */,
			);
			runOnlyForDeploymentPostprocessing = 0;
		};
/* End PBXSourcesBuildPhase section */

/* Begin XCBuildConfiguration section */
		0B7A795624EAD42A007888AB /* Debug */ = {
			isa = XCBuildConfiguration;
			buildSettings = {
				ALWAYS_SEARCH_USER_PATHS = NO;
				CLANG_ANALYZER_NONNULL = YES;
				CLANG_ANALYZER_NUMBER_OBJECT_CONVERSION = YES_AGGRESSIVE;
				CLANG_CXX_LANGUAGE_STANDARD = "gnu++14";
				CLANG_CXX_LIBRARY = "libc++";
				CLANG_ENABLE_MODULES = YES;
				CLANG_ENABLE_OBJC_ARC = YES;
				CLANG_ENABLE_OBJC_WEAK = YES;
				CLANG_WARN_BLOCK_CAPTURE_AUTORELEASING = YES;
				CLANG_WARN_BOOL_CONVERSION = YES;
				CLANG_WARN_COMMA = YES;
				CLANG_WARN_CONSTANT_CONVERSION = YES;
				CLANG_WARN_DEPRECATED_OBJC_IMPLEMENTATIONS = YES;
				CLANG_WARN_DIRECT_OBJC_ISA_USAGE = YES_ERROR;
				CLANG_WARN_DOCUMENTATION_COMMENTS = YES;
				CLANG_WARN_EMPTY_BODY = YES;
				CLANG_WARN_ENUM_CONVERSION = YES;
				CLANG_WARN_INFINITE_RECURSION = YES;
				CLANG_WARN_INT_CONVERSION = YES;
				CLANG_WARN_NON_LITERAL_NULL_CONVERSION = YES;
				CLANG_WARN_OBJC_IMPLICIT_RETAIN_SELF = YES;
				CLANG_WARN_OBJC_LITERAL_CONVERSION = YES;
				CLANG_WARN_OBJC_ROOT_CLASS = YES_ERROR;
				CLANG_WARN_RANGE_LOOP_ANALYSIS = YES;
				CLANG_WARN_STRICT_PROTOTYPES = YES;
				CLANG_WARN_SUSPICIOUS_MOVE = YES;
				CLANG_WARN_UNGUARDED_AVAILABILITY = YES_AGGRESSIVE;
				CLANG_WARN_UNREACHABLE_CODE = YES;
				CLANG_WARN__DUPLICATE_METHOD_MATCH = YES;
				COPY_PHASE_STRIP = NO;
				DEBUG_INFORMATION_FORMAT = dwarf;
				ENABLE_STRICT_OBJC_MSGSEND = YES;
				ENABLE_TESTABILITY = YES;
				GCC_C_LANGUAGE_STANDARD = gnu11;
				GCC_DYNAMIC_NO_PIC = NO;
				GCC_NO_COMMON_BLOCKS = YES;
				GCC_OPTIMIZATION_LEVEL = 0;
				GCC_PREPROCESSOR_DEFINITIONS = (
					"DEBUG=1",
					"$(inherited)",
				);
				GCC_WARN_64_TO_32_BIT_CONVERSION = YES;
				GCC_WARN_ABOUT_RETURN_TYPE = YES_ERROR;
				GCC_WARN_UNDECLARED_SELECTOR = YES;
				GCC_WARN_UNINITIALIZED_AUTOS = YES_AGGRESSIVE;
				GCC_WARN_UNUSED_FUNCTION = YES;
				GCC_WARN_UNUSED_VARIABLE = YES;
				MACOSX_DEPLOYMENT_TARGET = 10.15;
				MTL_ENABLE_DEBUG_INFO = INCLUDE_SOURCE;
				MTL_FAST_MATH = YES;
				ONLY_ACTIVE_ARCH = YES;
				SDKROOT = macosx;
			};
			name = Debug;
		};
		0B7A795724EAD42A007888AB /* Release */ = {
			isa = XCBuildConfiguration;
			buildSettings = {
				ALWAYS_SEARCH_USER_PATHS = NO;
				CLANG_ANALYZER_NONNULL = YES;
				CLANG_ANALYZER_NUMBER_OBJECT_CONVERSION = YES_AGGRESSIVE;
				CLANG_CXX_LANGUAGE_STANDARD = "gnu++14";
				CLANG_CXX_LIBRARY = "libc++";
				CLANG_ENABLE_MODULES = YES;
				CLANG_ENABLE_OBJC_ARC = YES;
				CLANG_ENABLE_OBJC_WEAK = YES;
				CLANG_WARN_BLOCK_CAPTURE_AUTORELEASING = YES;
				CLANG_WARN_BOOL_CONVERSION = YES;
				CLANG_WARN_COMMA = YES;
				CLANG_WARN_CONSTANT_CONVERSION = YES;
				CLANG_WARN_DEPRECATED_OBJC_IMPLEMENTATIONS = YES;
				CLANG_WARN_DIRECT_OBJC_ISA_USAGE = YES_ERROR;
				CLANG_WARN_DOCUMENTATION_COMMENTS = YES;
				CLANG_WARN_EMPTY_BODY = YES;
				CLANG_WARN_ENUM_CONVERSION = YES;
				CLANG_WARN_INFINITE_RECURSION = YES;
				CLANG_WARN_INT_CONVERSION = YES;
				CLANG_WARN_NON_LITERAL_NULL_CONVERSION = YES;
				CLANG_WARN_OBJC_IMPLICIT_RETAIN_SELF = YES;
				CLANG_WARN_OBJC_LITERAL_CONVERSION = YES;
				CLANG_WARN_OBJC_ROOT_CLASS = YES_ERROR;
				CLANG_WARN_RANGE_LOOP_ANALYSIS = YES;
				CLANG_WARN_STRICT_PROTOTYPES = YES;
				CLANG_WARN_SUSPICIOUS_MOVE = YES;
				CLANG_WARN_UNGUARDED_AVAILABILITY = YES_AGGRESSIVE;
				CLANG_WARN_UNREACHABLE_CODE = YES;
				CLANG_WARN__DUPLICATE_METHOD_MATCH = YES;
				COPY_PHASE_STRIP = NO;
				DEBUG_INFORMATION_FORMAT = "dwarf-with-dsym";
				ENABLE_NS_ASSERTIONS = NO;
				ENABLE_STRICT_OBJC_MSGSEND = YES;
				GCC_C_LANGUAGE_STANDARD = gnu11;
				GCC_NO_COMMON_BLOCKS = YES;
				GCC_WARN_64_TO_32_BIT_CONVERSION = YES;
				GCC_WARN_ABOUT_RETURN_TYPE = YES_ERROR;
				GCC_WARN_UNDECLARED_SELECTOR = YES;
				GCC_WARN_UNINITIALIZED_AUTOS = YES_AGGRESSIVE;
				GCC_WARN_UNUSED_FUNCTION = YES;
				GCC_WARN_UNUSED_VARIABLE = YES;
				MACOSX_DEPLOYMENT_TARGET = 10.15;
				MTL_ENABLE_DEBUG_INFO = NO;
				MTL_FAST_MATH = YES;
				SDKROOT = macosx;
			};
			name = Release;
		};
		0B7A795924EAD42A007888AB /* Debug */ = {
			isa = XCBuildConfiguration;
			buildSettings = {
				CODE_SIGN_STYLE = Automatic;
				DEVELOPMENT_TEAM = TTX2WRZ5UX;
				ENABLE_HARDENED_RUNTIME = YES;
				PRODUCT_NAME = "$(TARGET_NAME)";
			};
			name = Debug;
		};
		0B7A795A24EAD42A007888AB /* Release */ = {
			isa = XCBuildConfiguration;
			buildSettings = {
				CODE_SIGN_STYLE = Automatic;
				DEVELOPMENT_TEAM = TTX2WRZ5UX;
				ENABLE_HARDENED_RUNTIME = YES;
				PRODUCT_NAME = "$(TARGET_NAME)";
			};
			name = Release;
		};
/* End XCBuildConfiguration section */

/* Begin XCConfigurationList section */
		0B7A794C24EAD42A007888AB /* Build configuration list for PBXProject "Stack Implementation With List" */ = {
			isa = XCConfigurationList;
			buildConfigurations = (
				0B7A795624EAD42A007888AB /* Debug */,
				0B7A795724EAD42A007888AB /* Release */,
			);
			defaultConfigurationIsVisible = 0;
			defaultConfigurationName = Release;
		};
		0B7A795824EAD42A007888AB /* Build configuration list for PBXNativeTarget "Stack Implementation With List" */ = {
			isa = XCConfigurationList;
			buildConfigurations = (
				0B7A795924EAD42A007888AB /* Debug */,
				0B7A795A24EAD42A007888AB /* Release */,
			);
			defaultConfigurationIsVisible = 0;
			defaultConfigurationName = Release;
		};
/* End XCConfigurationList section */
	};
	rootObject = 0B7A794924EAD42A007888AB /* Project object */;
}
